lockfileVersion: '9.0'

settings:
  autoInstallPeers: true
  excludeLinksFromLockfile: false

importers:

  .:
    devDependencies:
      '@types/node':
        specifier: 25.5.0
        version: 25.5.0
      typescript:
        specifier: 5.9.3
        version: 5.9.3

  packages/api-contract:
    dependencies:
      zod:
        specifier: 4.3.6
        version: 4.3.6

  packages/scenario-system:
    dependencies:
      '@bot-platform/api-contract':
        specifier: workspace:*
        version: link:../api-contract
      '@openai/codex-sdk':
        specifier: ^0.78.0
        version: 0.78.0

packages:

  '@openai/codex-sdk@0.78.0':
    resolution: {integrity: sha512-sKASs6a5mqR7haOtyTETm+a72dZLLxIYGfMwiJiLGI/xDJyABV0UYQ2V0rvGxG+MPj5ndH+pef6S2BZKpftTiA==}
    engines: {node: '>=18'}

  '@types/node@25.5.0':
    resolution: {integrity: sha512-jp2P3tQMSxWugkCUKLRPVUpGaL5MVFwF8RDuSRztfwgN1wmqJeMSbKlnEtQqU8UrhTmzEmZdu2I6v2dpp7XIxw==}

  typescript@5.9.3:
    resolution: {integrity: sha512-jl1vZzPDinLr9eUt3J/t7V6FgNEw9QjvBPdysz9KfQDD41fQrC2Y4vKQdiaUpFT4bXlb1RHhLpp8wtm6M5TgSw==}
    engines: {node: '>=14.17'}
    hasBin: true

  undici-types@7.18.2:
    resolution: {integrity: sha512-AsuCzffGHJybSaRrmr5eHr81mwJU3kjw6M+uprWvCXiNeN9SOGwQ3Jn8jb8m3Z6izVgknn1R0FTCEAP2QrLY/w==}

  zod@4.3.6:
    resolution: {integrity: sha512-rftlrkhHZOcjDwkGlnUtZZkvaPHCsDATp4pGpuOOMDaTdDDXF91wuVDJoWoPsKX/3YPQ5fHuF3STjcYyKr+Qhg==}

snapshots:

  '@openai/codex-sdk@0.78.0': {}

  '@types/node@25.5.0':
    dependencies:
      undici-types: 7.18.2

  typescript@5.9.3: {}

  undici-types@7.18.2: {}

  zod@4.3.6: {}
